
Microsoft Visual Studio Solution File, Format Version 12.00
# Visual Studio 15
VisualStudioVersion = 15.0.28307.489
MinimumVisualStudioVersion = 10.0.40219.1
Project("{FAE04EC0-301F-11D3-BF4B-00C04F79EFBC}") = "Task 15.10", "Task 15.10\Task 15.10.csproj", "{CC80973F-779F-44E6-9D48-533F72E34B84}"
EndProject
Project("{FAE04EC0-301F-11D3-BF4B-00C04F79EFBC}") = "Task 15.20", "Task 15.20\Task 15.20.csproj", "{370241B0-0C78-4D6F-9A30-5F5417F6D205}"
EndProject
Project("{FAE04EC0-301F-11D3-BF4B-00C04F79EFBC}") = "Task 16.10", "Task 16.10\Task 16.10.csproj", "{5142ADB4-39D5-46CC-ADD7-E876CE62A462}"
EndProject
Project("{FAE04EC0-301F-11D3-BF4B-00C04F79EFBC}") = "Task 18.10", "Task 18.10\Task 18.10.csproj", "{52E51D2F-6AA7-45BB-B366-BE4DEB8BE8DC}"
EndProject
Project("{FAE04EC0-301F-11D3-BF4B-00C04F79EFBC}") = "Task 19.10", "Task 19.10\Task 19.10.csproj", "{40B9BD7E-BD6B-4575-8FAC-B4952DA8CF3F}"
EndProject
Global
	GlobalSection(SolutionConfigurationPlatforms) = preSolution
		Debug|Any CPU = Debug|Any CPU
		Debug|ARM = Debug|ARM
		Debug|ARM64 = Debug|ARM64
		Debug|x64 = Debug|x64
		Debug|x86 = Debug|x86
		Release|Any CPU = Release|Any CPU
		Release|ARM = Release|ARM
		Release|ARM64 = Release|ARM64
		Release|x64 = Release|x64
		Release|x86 = Release|x86
	EndGlobalSection
	GlobalSection(ProjectConfigurationPlatforms) = postSolution
		{CC80973F-779F-44E6-9D48-533F72E34B84}.Debug|Any CPU.ActiveCfg = Debug|Any CPU
		{CC80973F-779F-44E6-9D48-533F72E34B84}.Debug|Any CPU.Build.0 = Debug|Any CPU
		{CC80973F-779F-44E6-9D48-533F72E34B84}.Debug|ARM.ActiveCfg = Debug|Any CPU
		{CC80973F-779F-44E6-9D48-533F72E34B84}.Debug|ARM.Build.0 = Debug|Any CPU
		{CC80973F-779F-44E6-9D48-533F72E34B84}.Debug|ARM64.ActiveCfg = Debug|Any CPU
		{CC80973F-779F-44E6-9D48-533F72E34B84}.Debug|ARM64.Build.0 = Debug|Any CPU
		{CC80973F-779F-44E6-9D48-533F72E34B84}.Debug|x64.ActiveCfg = Debug|Any CPU
		{CC80973F-779F-44E6-9D48-533F72E34B84}.Debug|x64.Build.0 = Debug|Any CPU
		{CC80973F-779F-44E6-9D48-533F72E34B84}.Debug|x86.ActiveCfg = Debug|Any CPU
		{CC80973F-779F-44E6-9D48-533F72E34B84}.Debug|x86.Build.0 = Debug|Any CPU
		{CC80973F-779F-44E6-9D48-533F72E34B84}.Release|Any CPU.ActiveCfg = Release|Any CPU
		{CC80973F-779F-44E6-9D48-533F72E34B84}.Release|Any CPU.Build.0 = Release|Any CPU
		{CC80973F-779F-44E6-9D48-533F72E34B84}.Release|ARM.ActiveCfg = Release|Any CPU
		{CC80973F-779F-44E6-9D48-533F72E34B84}.Release|ARM.Build.0 = Release|Any CPU
		{CC80973F-779F-44E6-9D48-533F72E34B84}.Release|ARM64.ActiveCfg = Release|Any CPU
		{CC80973F-779F-44E6-9D48-533F72E34B84}.Release|ARM64.Build.0 = Release|Any CPU
		{CC80973F-779F-44E6-9D48-533F72E34B84}.Release|x64.ActiveCfg = Release|Any CPU
		{CC80973F-779F-44E6-9D48-533F72E34B84}.Release|x64.Build.0 = Release|Any CPU
		{CC80973F-779F-44E6-9D48-533F72E34B84}.Release|x86.ActiveCfg = Release|Any CPU
		{CC80973F-779F-44E6-9D48-533F72E34B84}.Release|x86.Build.0 = Release|Any CPU
		{370241B0-0C78-4D6F-9A30-5F5417F6D205}.Debug|Any CPU.ActiveCfg = Debug|Any CPU
		{370241B0-0C78-4D6F-9A30-5F5417F6D205}.Debug|Any CPU.Build.0 = Debug|Any CPU
		{370241B0-0C78-4D6F-9A30-5F5417F6D205}.Debug|ARM.ActiveCfg = Debug|Any CPU
		{370241B0-0C78-4D6F-9A30-5F5417F6D205}.Debug|ARM.Build.0 = Debug|Any CPU
		{370241B0-0C78-4D6F-9A30-5F5417F6D205}.Debug|ARM64.ActiveCfg = Debug|Any CPU
		{370241B0-0C78-4D6F-9A30-5F5417F6D205}.Debug|ARM64.Build.0 = Debug|Any CPU
		{370241B0-0C78-4D6F-9A30-5F5417F6D205}.Debug|x64.ActiveCfg = Debug|Any CPU
		{370241B0-0C78-4D6F-9A30-5F5417F6D205}.Debug|x64.Build.0 = Debug|Any CPU
		{370241B0-0C78-4D6F-9A30-5F5417F6D205}.Debug|x86.ActiveCfg = Debug|Any CPU
		{370241B0-0C78-4D6F-9A30-5F5417F6D205}.Debug|x86.Build.0 = Debug|Any CPU
		{370241B0-0C78-4D6F-9A30-5F5417F6D205}.Release|Any CPU.ActiveCfg = Release|Any CPU
		{370241B0-0C78-4D6F-9A30-5F5417F6D205}.Release|Any CPU.Build.0 = Release|Any CPU
		{370241B0-0C78-4D6F-9A30-5F5417F6D205}.Release|ARM.ActiveCfg = Release|Any CPU
		{370241B0-0C78-4D6F-9A30-5F5417F6D205}.Release|ARM.Build.0 = Release|Any CPU
		{370241B0-0C78-4D6F-9A30-5F5417F6D205}.Release|ARM64.ActiveCfg = Release|Any CPU
		{370241B0-0C78-4D6F-9A30-5F5417F6D205}.Release|ARM64.Build.0 = Release|Any CPU
		{370241B0-0C78-4D6F-9A30-5F5417F6D205}.Release|x64.ActiveCfg = Release|Any CPU
		{370241B0-0C78-4D6F-9A30-5F5417F6D205}.Release|x64.Build.0 = Release|Any CPU
		{370241B0-0C78-4D6F-9A30-5F5417F6D205}.Release|x86.ActiveCfg = Release|Any CPU
		{370241B0-0C78-4D6F-9A30-5F5417F6D205}.Release|x86.Build.0 = Release|Any CPU
		{5142ADB4-39D5-46CC-ADD7-E876CE62A462}.Debug|Any CPU.ActiveCfg = Debug|Any CPU
		{5142ADB4-39D5-46CC-ADD7-E876CE62A462}.Debug|Any CPU.Build.0 = Debug|Any CPU
		{5142ADB4-39D5-46CC-ADD7-E876CE62A462}.Debug|ARM.ActiveCfg = Debug|Any CPU
		{5142ADB4-39D5-46CC-ADD7-E876CE62A462}.Debug|ARM.Build.0 = Debug|Any CPU
		{5142ADB4-39D5-46CC-ADD7-E876CE62A462}.Debug|ARM64.ActiveCfg = Debug|Any CPU
		{5142ADB4-39D5-46CC-ADD7-E876CE62A462}.Debug|ARM64.Build.0 = Debug|Any CPU
		{5142ADB4-39D5-46CC-ADD7-E876CE62A462}.Debug|x64.ActiveCfg = Debug|Any CPU
		{5142ADB4-39D5-46CC-ADD7-E876CE62A462}.Debug|x64.Build.0 = Debug|Any CPU
		{5142ADB4-39D5-46CC-ADD7-E876CE62A462}.Debug|x86.ActiveCfg = Debug|Any CPU
		{5142ADB4-39D5-46CC-ADD7-E876CE62A462}.Debug|x86.Build.0 = Debug|Any CPU
		{5142ADB4-39D5-46CC-ADD7-E876CE62A462}.Release|Any CPU.ActiveCfg = Release|Any CPU
		{5142ADB4-39D5-46CC-ADD7-E876CE62A462}.Release|Any CPU.Build.0 = Release|Any CPU
		{5142ADB4-39D5-46CC-ADD7-E876CE62A462}.Release|ARM.ActiveCfg = Release|Any CPU
		{5142ADB4-39D5-46CC-ADD7-E876CE62A462}.Release|ARM.Build.0 = Release|Any CPU
		{5142ADB4-39D5-46CC-ADD7-E876CE62A462}.Release|ARM64.ActiveCfg = Release|Any CPU
		{5142ADB4-39D5-46CC-ADD7-E876CE62A462}.Release|ARM64.Build.0 = Release|Any CPU
		{5142ADB4-39D5-46CC-ADD7-E876CE62A462}.Release|x64.ActiveCfg = Release|Any CPU
		{5142ADB4-39D5-46CC-ADD7-E876CE62A462}.Release|x64.Build.0 = Release|Any CPU
		{5142ADB4-39D5-46CC-ADD7-E876CE62A462}.Release|x86.ActiveCfg = Release|Any CPU
		{5142ADB4-39D5-46CC-ADD7-E876CE62A462}.Release|x86.Build.0 = Release|Any CPU
		{52E51D2F-6AA7-45BB-B366-BE4DEB8BE8DC}.Debug|Any CPU.ActiveCfg = Debug|Any CPU
		{52E51D2F-6AA7-45BB-B366-BE4DEB8BE8DC}.Debug|Any CPU.Build.0 = Debug|Any CPU
		{52E51D2F-6AA7-45BB-B366-BE4DEB8BE8DC}.Debug|ARM.ActiveCfg = Debug|Any CPU
		{52E51D2F-6AA7-45BB-B366-BE4DEB8BE8DC}.Debug|ARM.Build.0 = Debug|Any CPU
		{52E51D2F-6AA7-45BB-B366-BE4DEB8BE8DC}.Debug|ARM64.ActiveCfg = Debug|Any CPU
		{52E51D2F-6AA7-45BB-B366-BE4DEB8BE8DC}.Debug|ARM64.Build.0 = Debug|Any CPU
		{52E51D2F-6AA7-45BB-B366-BE4DEB8BE8DC}.Debug|x64.ActiveCfg = Debug|Any CPU
		{52E51D2F-6AA7-45BB-B366-BE4DEB8BE8DC}.Debug|x64.Build.0 = Debug|Any CPU
		{52E51D2F-6AA7-45BB-B366-BE4DEB8BE8DC}.Debug|x86.ActiveCfg = Debug|Any CPU
		{52E51D2F-6AA7-45BB-B366-BE4DEB8BE8DC}.Debug|x86.Build.0 = Debug|Any CPU
		{52E51D2F-6AA7-45BB-B366-BE4DEB8BE8DC}.Release|Any CPU.ActiveCfg = Release|Any CPU
		{52E51D2F-6AA7-45BB-B366-BE4DEB8BE8DC}.Release|Any CPU.Build.0 = Release|Any CPU
		{52E51D2F-6AA7-45BB-B366-BE4DEB8BE8DC}.Release|ARM.ActiveCfg = Release|Any CPU
		{52E51D2F-6AA7-45BB-B366-BE4DEB8BE8DC}.Release|ARM.Build.0 = Release|Any CPU
		{52E51D2F-6AA7-45BB-B366-BE4DEB8BE8DC}.Release|ARM64.ActiveCfg = Release|Any CPU
		{52E51D2F-6AA7-45BB-B366-BE4DEB8BE8DC}.Release|ARM64.Build.0 = Release|Any CPU
		{52E51D2F-6AA7-45BB-B366-BE4DEB8BE8DC}.Release|x64.ActiveCfg = Release|Any CPU
		{52E51D2F-6AA7-45BB-B366-BE4DEB8BE8DC}.Release|x64.Build.0 = Release|Any CPU
		{52E51D2F-6AA7-45BB-B366-BE4DEB8BE8DC}.Release|x86.ActiveCfg = Release|Any CPU
		{52E51D2F-6AA7-45BB-B366-BE4DEB8BE8DC}.Release|x86.Build.0 = Release|Any CPU
		{40B9BD7E-BD6B-4575-8FAC-B4952DA8CF3F}.Debug|Any CPU.ActiveCfg = Debug|Any CPU
		{40B9BD7E-BD6B-4575-8FAC-B4952DA8CF3F}.Debug|Any CPU.Build.0 = Debug|Any CPU
		{40B9BD7E-BD6B-4575-8FAC-B4952DA8CF3F}.Debug|ARM.ActiveCfg = Debug|Any CPU
		{40B9BD7E-BD6B-4575-8FAC-B4952DA8CF3F}.Debug|ARM.Build.0 = Debug|Any CPU
		{40B9BD7E-BD6B-4575-8FAC-B4952DA8CF3F}.Debug|ARM64.ActiveCfg = Debug|Any CPU
		{40B9BD7E-BD6B-4575-8FAC-B4952DA8CF3F}.Debug|ARM64.Build.0 = Debug|Any CPU
		{40B9BD7E-BD6B-4575-8FAC-B4952DA8CF3F}.Debug|x64.ActiveCfg = Debug|Any CPU
		{40B9BD7E-BD6B-4575-8FAC-B4952DA8CF3F}.Debug|x64.Build.0 = Debug|Any CPU
		{40B9BD7E-BD6B-4575-8FAC-B4952DA8CF3F}.Debug|x86.ActiveCfg = Debug|Any CPU
		{40B9BD7E-BD6B-4575-8FAC-B4952DA8CF3F}.Debug|x86.Build.0 = Debug|Any CPU
		{40B9BD7E-BD6B-4575-8FAC-B4952DA8CF3F}.Release|Any CPU.ActiveCfg = Release|Any CPU
		{40B9BD7E-BD6B-4575-8FAC-B4952DA8CF3F}.Release|Any CPU.Build.0 = Release|Any CPU
		{40B9BD7E-BD6B-4575-8FAC-B4952DA8CF3F}.Release|ARM.ActiveCfg = Release|Any CPU
		{40B9BD7E-BD6B-4575-8FAC-B4952DA8CF3F}.Release|ARM.Build.0 = Release|Any CPU
		{40B9BD7E-BD6B-4575-8FAC-B4952DA8CF3F}.Release|ARM64.ActiveCfg = Release|Any CPU
		{40B9BD7E-BD6B-4575-8FAC-B4952DA8CF3F}.Release|ARM64.Build.0 = Release|Any CPU
		{40B9BD7E-BD6B-4575-8FAC-B4952DA8CF3F}.Release|x64.ActiveCfg = Release|Any CPU
		{40B9BD7E-BD6B-4575-8FAC-B4952DA8CF3F}.Release|x64.Build.0 = Release|Any CPU
		{40B9BD7E-BD6B-4575-8FAC-B4952DA8CF3F}.Release|x86.ActiveCfg = Release|Any CPU
		{40B9BD7E-BD6B-4575-8FAC-B4952DA8CF3F}.Release|x86.Build.0 = Release|Any CPU
	EndGlobalSection
	GlobalSection(SolutionProperties) = preSolution
		HideSolutionNode = FALSE
	EndGlobalSection
	GlobalSection(ExtensibilityGlobals) = postSolution
		SolutionGuid = {85BBCA06-BA87-48A9-B22A-AAA42C8F5257}
	EndGlobalSection
EndGlobal
